
Microsoft Visual Studio Solution File, Format Version 12.00
# Visual Studio Version 16
VisualStudioVersion = 16.0.29411.108
MinimumVisualStudioVersion = 10.0.40219.1
Project("{FAE04EC0-301F-11D3-BF4B-00C04F79EFBC}") = "Poker", "Poker.csproj", "{35AD7D19-9A94-4939-B10F-DE7469E8FCB5}"
EndProject
Project("{FAE04EC0-301F-11D3-BF4B-00C04F79EFBC}") = "Poker.Test", "..\Poker.Test\Poker.Test.csproj", "{6335F486-DBA6-46B3-B7AE-FA112B69B183}"
EndProject
Global
	GlobalSection(SolutionConfigurationPlatforms) = preSolution
		Debug|Any CPU = Debug|Any CPU
		Release|Any CPU = Release|Any CPU
	EndGlobalSection
	GlobalSection(ProjectConfigurationPlatforms) = postSolution
		{35AD7D19-9A94-4939-B10F-DE7469E8FCB5}.Debug|Any CPU.ActiveCfg = Debug|Any CPU
		{35AD7D19-9A94-4939-B10F-DE7469E8FCB5}.Debug|Any CPU.Build.0 = Debug|Any CPU
		{35AD7D19-9A94-4939-B10F-DE7469E8FCB5}.Release|Any CPU.ActiveCfg = Release|Any CPU
		{35AD7D19-9A94-4939-B10F-DE7469E8FCB5}.Release|Any CPU.Build.0 = Release|Any CPU
		{6335F486-DBA6-46B3-B7AE-FA112B69B183}.Debug|Any CPU.ActiveCfg = Debug|Any CPU
		{6335F486-DBA6-46B3-B7AE-FA112B69B183}.Debug|Any CPU.Build.0 = Debug|Any CPU
		{6335F486-DBA6-46B3-B7AE-FA112B69B183}.Release|Any CPU.ActiveCfg = Release|Any CPU
		{6335F486-DBA6-46B3-B7AE-FA112B69B183}.Release|Any CPU.Build.0 = Release|Any CPU
	EndGlobalSection
	GlobalSection(SolutionProperties) = preSolution
		HideSolutionNode = FALSE
	EndGlobalSection
	GlobalSection(ExtensibilityGlobals) = postSolution
		SolutionGuid = {DF82FD4C-E617-4065-BB44-17E5AC9699AE}
	EndGlobalSection
EndGlobal
